// !$*UTF8*$!
{
	archiveVersion = 1;
	classes = {
	};
	objectVersion = 46;
	objects = {

/* Begin PBXBuildFile section */
		3708FD619B8F60D95C7F6907 /* libPods-InclineTests.a in Frameworks */ = {isa = PBXBuildFile; fileRef = C016DFB7431646E136CE3694 /* libPods-InclineTests.a */; };
		701B02BB1D1DB26E00BE9A51 /* StrengthAndEnduranceTableViewController.swift in Sources */ = {isa = PBXBuildFile; fileRef = 701B02BA1D1DB26E00BE9A51 /* StrengthAndEnduranceTableViewController.swift */; };
		7082265E1D1B6C3400AE7E5A /* FlexibilityUITableViewController.swift in Sources */ = {isa = PBXBuildFile; fileRef = 7082265D1D1B6C3400AE7E5A /* FlexibilityUITableViewController.swift */; };
		70A2D4E91D25D9690069774A /* ActivityHelper.swift in Sources */ = {isa = PBXBuildFile; fileRef = 70A2D4E81D25D9690069774A /* ActivityHelper.swift */; };
		70F4467A1CFE891B00203756 /* AppDelegate.swift in Sources */ = {isa = PBXBuildFile; fileRef = 70F446791CFE891B00203756 /* AppDelegate.swift */; };
		70F446811CFE891B00203756 /* Main.storyboard in Resources */ = {isa = PBXBuildFile; fileRef = 70F4467F1CFE891B00203756 /* Main.storyboard */; };
		70F446831CFE891B00203756 /* Assets.xcassets in Resources */ = {isa = PBXBuildFile; fileRef = 70F446821CFE891B00203756 /* Assets.xcassets */; };
		70F446861CFE891B00203756 /* LaunchScreen.storyboard in Resources */ = {isa = PBXBuildFile; fileRef = 70F446841CFE891B00203756 /* LaunchScreen.storyboard */; };
		70F446911CFE891B00203756 /* InclineApp_2ndIteration_Tests.swift in Sources */ = {isa = PBXBuildFile; fileRef = 70F446901CFE891B00203756 /* InclineApp_2ndIteration_Tests.swift */; };
		70F4469C1CFE891B00203756 /* InclineApp_2ndIteration_UITests.swift in Sources */ = {isa = PBXBuildFile; fileRef = 70F4469B1CFE891B00203756 /* InclineApp_2ndIteration_UITests.swift */; };
		70F447181CFE911800203756 /* ic_accessibility_36pt.png in Resources */ = {isa = PBXBuildFile; fileRef = 70F447021CFE911800203756 /* ic_accessibility_36pt.png */; };
		70F447191CFE911800203756 /* ic_accessibility_36pt@2x.png in Resources */ = {isa = PBXBuildFile; fileRef = 70F447031CFE911800203756 /* ic_accessibility_36pt@2x.png */; };
		70F4471A1CFE911800203756 /* ic_account_circle_36pt.png in Resources */ = {isa = PBXBuildFile; fileRef = 70F447041CFE911800203756 /* ic_account_circle_36pt.png */; };
		70F4471B1CFE911800203756 /* ic_account_circle_36pt@2x.png in Resources */ = {isa = PBXBuildFile; fileRef = 70F447051CFE911800203756 /* ic_account_circle_36pt@2x.png */; };
		70F4471C1CFE911800203756 /* ic_directions_bike_36pt.png in Resources */ = {isa = PBXBuildFile; fileRef = 70F447061CFE911800203756 /* ic_directions_bike_36pt.png */; };
		70F4471D1CFE911800203756 /* ic_directions_bike_36pt@2x.png in Resources */ = {isa = PBXBuildFile; fileRef = 70F447071CFE911800203756 /* ic_directions_bike_36pt@2x.png */; };
		70F4471E1CFE911800203756 /* ic_directions_run_36pt.png in Resources */ = {isa = PBXBuildFile; fileRef = 70F447081CFE911800203756 /* ic_directions_run_36pt.png */; };
		70F4471F1CFE911800203756 /* ic_directions_run_36pt@2x.png in Resources */ = {isa = PBXBuildFile; fileRef = 70F447091CFE911800203756 /* ic_directions_run_36pt@2x.png */; };
		70F447201CFE911800203756 /* ic_favorite_36pt.png in Resources */ = {isa = PBXBuildFile; fileRef = 70F4470A1CFE911800203756 /* ic_favorite_36pt.png */; };
		70F447211CFE911800203756 /* ic_favorite_36pt@2x.png in Resources */ = {isa = PBXBuildFile; fileRef = 70F4470B1CFE911800203756 /* ic_favorite_36pt@2x.png */; };
		70F447241CFE911800203756 /* ic_playlist_add_36pt.png in Resources */ = {isa = PBXBuildFile; fileRef = 70F4470E1CFE911800203756 /* ic_playlist_add_36pt.png */; };
		70F447251CFE911800203756 /* ic_playlist_add_36pt@2x.png in Resources */ = {isa = PBXBuildFile; fileRef = 70F4470F1CFE911800203756 /* ic_playlist_add_36pt@2x.png */; };
		70F447261CFE911800203756 /* ic_settings_36pt.png in Resources */ = {isa = PBXBuildFile; fileRef = 70F447101CFE911800203756 /* ic_settings_36pt.png */; };
		70F447271CFE911800203756 /* ic_settings_36pt@2x.png in Resources */ = {isa = PBXBuildFile; fileRef = 70F447111CFE911800203756 /* ic_settings_36pt@2x.png */; };
		70F447281CFE911800203756 /* ic_stars_36pt.png in Resources */ = {isa = PBXBuildFile; fileRef = 70F447121CFE911800203756 /* ic_stars_36pt.png */; };
		70F447291CFE911800203756 /* ic_stars_36pt@2x.png in Resources */ = {isa = PBXBuildFile; fileRef = 70F447131CFE911800203756 /* ic_stars_36pt@2x.png */; };
		70F4472A1CFE911800203756 /* ic_timeline_36pt.png in Resources */ = {isa = PBXBuildFile; fileRef = 70F447141CFE911800203756 /* ic_timeline_36pt.png */; };
		70F4472B1CFE911800203756 /* ic_timeline_36pt@2x.png in Resources */ = {isa = PBXBuildFile; fileRef = 70F447151CFE911800203756 /* ic_timeline_36pt@2x.png */; };
		70F4472C1CFE911800203756 /* ic_yogaman_36pt.png in Resources */ = {isa = PBXBuildFile; fileRef = 70F447161CFE911800203756 /* ic_yogaman_36pt.png */; };
		70F4472D1CFE911800203756 /* ic_yogaman_36pt@2x.png in Resources */ = {isa = PBXBuildFile; fileRef = 70F447171CFE911800203756 /* ic_yogaman_36pt@2x.png */; };
		70F447301CFE99FF00203756 /* ic_fitness_center_36pt.png in Resources */ = {isa = PBXBuildFile; fileRef = 70F4472E1CFE99FF00203756 /* ic_fitness_center_36pt.png */; };
		70F447311CFE99FF00203756 /* ic_fitness_center_36pt@2x.png in Resources */ = {isa = PBXBuildFile; fileRef = 70F4472F1CFE99FF00203756 /* ic_fitness_center_36pt@2x.png */; };
		9EE9D8B37CAF0C8CC53689A9 /* libPods-Incline.a in Frameworks */ = {isa = PBXBuildFile; fileRef = 175AB02FDBD436D300BC314C /* libPods-Incline.a */; };
		CFC1511113A72FCC5F4B5DB7 /* HistoryTableViewController.swift in Sources */ = {isa = PBXBuildFile; fileRef = CFC1582CCD8EB4B1A8470B0F /* HistoryTableViewController.swift */; };
		CFC151F6DEEB88BF53689839 /* ApplicationData.swift in Sources */ = {isa = PBXBuildFile; fileRef = CFC152FA8741406D03226E17 /* ApplicationData.swift */; };
		CFC1535817107FFCD84748A9 /* AccountTableViewController.swift in Sources */ = {isa = PBXBuildFile; fileRef = CFC15BECDA6CEB61958455AE /* AccountTableViewController.swift */; };
		CFC1552E141CF9B0BEFCDDA6 /* ReuseableHistoryTableViewController.swift in Sources */ = {isa = PBXBuildFile; fileRef = CFC1539BC8B8BC390970EA8F /* ReuseableHistoryTableViewController.swift */; };
		CFC15582D4124390F692A61F /* BodyCompTableViewController.swift in Sources */ = {isa = PBXBuildFile; fileRef = CFC157BDD4C3DD7E027633DC /* BodyCompTableViewController.swift */; };
		CFC1575DC610A8C543573B72 /* CardioTableViewController.swift in Sources */ = {isa = PBXBuildFile; fileRef = CFC15A01E0A107C259F82A28 /* CardioTableViewController.swift */; };
		CFC1582701CD20C98A41F217 /* JSONParser.swift in Sources */ = {isa = PBXBuildFile; fileRef = CFC155FE857A413DFA00D8C3 /* JSONParser.swift */; };
		CFC1597156A235305B43580F /* SettingsTableViewController.swift in Sources */ = {isa = PBXBuildFile; fileRef = CFC151BA509E79EF3FBA71F3 /* SettingsTableViewController.swift */; };
		CFC15A5836E06A9F258BF448 /* EntryTableViewController.swift in Sources */ = {isa = PBXBuildFile; fileRef = CFC15C81B40B43A49886ED13 /* EntryTableViewController.swift */; };
		CFC15E43A0D6CAD6A6E4E690 /* WebApiConnector.swift in Sources */ = {isa = PBXBuildFile; fileRef = CFC152E35D12825BBABE8DAD /* WebApiConnector.swift */; };
/* End PBXBuildFile section */

/* Begin PBXContainerItemProxy section */
		70F4468D1CFE891B00203756 /* PBXContainerItemProxy */ = {
			isa = PBXContainerItemProxy;
			containerPortal = 70F4466E1CFE891B00203756 /* Project object */;
			proxyType = 1;
			remoteGlobalIDString = 70F446751CFE891B00203756;
			remoteInfo = "InclineApp(2ndIteration)";
		};
		70F446981CFE891B00203756 /* PBXContainerItemProxy */ = {
			isa = PBXContainerItemProxy;
			containerPortal = 70F4466E1CFE891B00203756 /* Project object */;
			proxyType = 1;
			remoteGlobalIDString = 70F446751CFE891B00203756;
			remoteInfo = "InclineApp(2ndIteration)";
		};
/* End PBXContainerItemProxy section */

/* Begin PBXFileReference section */
		0FAAE93C77C83B01BDDC95AB /* Pods-InclineTests.release.xcconfig */ = {isa = PBXFileReference; includeInIndex = 1; lastKnownFileType = text.xcconfig; name = "Pods-InclineTests.release.xcconfig"; path = "Pods/Target Support Files/Pods-InclineTests/Pods-InclineTests.release.xcconfig"; sourceTree = "<group>"; };
		175AB02FDBD436D300BC314C /* libPods-Incline.a */ = {isa = PBXFileReference; explicitFileType = archive.ar; includeInIndex = 0; path = "libPods-Incline.a"; sourceTree = BUILT_PRODUCTS_DIR; };
		701B02BA1D1DB26E00BE9A51 /* StrengthAndEnduranceTableViewController.swift */ = {isa = PBXFileReference; fileEncoding = 4; lastKnownFileType = sourcecode.swift; path = StrengthAndEnduranceTableViewController.swift; sourceTree = "<group>"; };
		7082265D1D1B6C3400AE7E5A /* FlexibilityUITableViewController.swift */ = {isa = PBXFileReference; fileEncoding = 4; lastKnownFileType = sourcecode.swift; path = FlexibilityUITableViewController.swift; sourceTree = "<group>"; };
		70A2D4E71D25C1720069774A /* Incline.entitlements */ = {isa = PBXFileReference; lastKnownFileType = text.xml; path = Incline.entitlements; sourceTree = "<group>"; };
		70A2D4E81D25D9690069774A /* ActivityHelper.swift */ = {isa = PBXFileReference; fileEncoding = 4; lastKnownFileType = sourcecode.swift; path = ActivityHelper.swift; sourceTree = "<group>"; };
		70F446761CFE891B00203756 /* Incline.app */ = {isa = PBXFileReference; explicitFileType = wrapper.application; includeInIndex = 0; path = Incline.app; sourceTree = BUILT_PRODUCTS_DIR; };
		70F446791CFE891B00203756 /* AppDelegate.swift */ = {isa = PBXFileReference; lastKnownFileType = sourcecode.swift; path = AppDelegate.swift; sourceTree = "<group>"; };
		70F446801CFE891B00203756 /* Base */ = {isa = PBXFileReference; lastKnownFileType = file.storyboard; name = Base; path = Base.lproj/Main.storyboard; sourceTree = "<group>"; };
		70F446821CFE891B00203756 /* Assets.xcassets */ = {isa = PBXFileReference; lastKnownFileType = folder.assetcatalog; path = Assets.xcassets; sourceTree = "<group>"; };
		70F446851CFE891B00203756 /* Base */ = {isa = PBXFileReference; lastKnownFileType = file.storyboard; name = Base; path = Base.lproj/LaunchScreen.storyboard; sourceTree = "<group>"; };
		70F446871CFE891B00203756 /* Info.plist */ = {isa = PBXFileReference; lastKnownFileType = text.plist.info; path = Info.plist; sourceTree = "<group>"; };
		70F4468C1CFE891B00203756 /* Incline.xctest */ = {isa = PBXFileReference; explicitFileType = wrapper.cfbundle; includeInIndex = 0; path = Incline.xctest; sourceTree = BUILT_PRODUCTS_DIR; };
		70F446901CFE891B00203756 /* InclineApp_2ndIteration_Tests.swift */ = {isa = PBXFileReference; lastKnownFileType = sourcecode.swift; path = InclineApp_2ndIteration_Tests.swift; sourceTree = "<group>"; };
		70F446921CFE891B00203756 /* Info.plist */ = {isa = PBXFileReference; lastKnownFileType = text.plist.info; path = Info.plist; sourceTree = "<group>"; };
		70F446971CFE891B00203756 /* Incline.xctest */ = {isa = PBXFileReference; explicitFileType = wrapper.cfbundle; includeInIndex = 0; path = Incline.xctest; sourceTree = BUILT_PRODUCTS_DIR; };
		70F4469B1CFE891B00203756 /* InclineApp_2ndIteration_UITests.swift */ = {isa = PBXFileReference; lastKnownFileType = sourcecode.swift; path = InclineApp_2ndIteration_UITests.swift; sourceTree = "<group>"; };
		70F4469D1CFE891B00203756 /* Info.plist */ = {isa = PBXFileReference; lastKnownFileType = text.plist.info; path = Info.plist; sourceTree = "<group>"; };
		70F447021CFE911800203756 /* ic_accessibility_36pt.png */ = {isa = PBXFileReference; lastKnownFileType = image.png; name = ic_accessibility_36pt.png; path = "System Icons (Reference)/ic_accessibility_36pt.png"; sourceTree = "<group>"; };
		70F447031CFE911800203756 /* ic_accessibility_36pt@2x.png */ = {isa = PBXFileReference; lastKnownFileType = image.png; name = "ic_accessibility_36pt@2x.png"; path = "System Icons (Reference)/ic_accessibility_36pt@2x.png"; sourceTree = "<group>"; };
		70F447041CFE911800203756 /* ic_account_circle_36pt.png */ = {isa = PBXFileReference; lastKnownFileType = image.png; name = ic_account_circle_36pt.png; path = "System Icons (Reference)/ic_account_circle_36pt.png"; sourceTree = "<group>"; };
		70F447051CFE911800203756 /* ic_account_circle_36pt@2x.png */ = {isa = PBXFileReference; lastKnownFileType = image.png; name = "ic_account_circle_36pt@2x.png"; path = "System Icons (Reference)/ic_account_circle_36pt@2x.png"; sourceTree = "<group>"; };
		70F447061CFE911800203756 /* ic_directions_bike_36pt.png */ = {isa = PBXFileReference; lastKnownFileType = image.png; name = ic_directions_bike_36pt.png; path = "System Icons (Reference)/ic_directions_bike_36pt.png"; sourceTree = "<group>"; };
		70F447071CFE911800203756 /* ic_directions_bike_36pt@2x.png */ = {isa = PBXFileReference; lastKnownFileType = image.png; name = "ic_directions_bike_36pt@2x.png"; path = "System Icons (Reference)/ic_directions_bike_36pt@2x.png"; sourceTree = "<group>"; };
		70F447081CFE911800203756 /* ic_directions_run_36pt.png */ = {isa = PBXFileReference; lastKnownFileType = image.png; name = ic_directions_run_36pt.png; path = "System Icons (Reference)/ic_directions_run_36pt.png"; sourceTree = "<group>"; };
		70F447091CFE911800203756 /* ic_directions_run_36pt@2x.png */ = {isa = PBXFileReference; lastKnownFileType = image.png; name = "ic_directions_run_36pt@2x.png"; path = "System Icons (Reference)/ic_directions_run_36pt@2x.png"; sourceTree = "<group>"; };
		70F4470A1CFE911800203756 /* ic_favorite_36pt.png */ = {isa = PBXFileReference; lastKnownFileType = image.png; name = ic_favorite_36pt.png; path = "System Icons (Reference)/ic_favorite_36pt.png"; sourceTree = "<group>"; };
		70F4470B1CFE911800203756 /* ic_favorite_36pt@2x.png */ = {isa = PBXFileReference; lastKnownFileType = image.png; name = "ic_favorite_36pt@2x.png"; path = "System Icons (Reference)/ic_favorite_36pt@2x.png"; sourceTree = "<group>"; };
		70F4470E1CFE911800203756 /* ic_playlist_add_36pt.png */ = {isa = PBXFileReference; lastKnownFileType = image.png; name = ic_playlist_add_36pt.png; path = "System Icons (Reference)/ic_playlist_add_36pt.png"; sourceTree = "<group>"; };
		70F4470F1CFE911800203756 /* ic_playlist_add_36pt@2x.png */ = {isa = PBXFileReference; lastKnownFileType = image.png; name = "ic_playlist_add_36pt@2x.png"; path = "System Icons (Reference)/ic_playlist_add_36pt@2x.png"; sourceTree = "<group>"; };
		70F447101CFE911800203756 /* ic_settings_36pt.png */ = {isa = PBXFileReference; lastKnownFileType = image.png; name = ic_settings_36pt.png; path = "System Icons (Reference)/ic_settings_36pt.png"; sourceTree = "<group>"; };
		70F447111CFE911800203756 /* ic_settings_36pt@2x.png */ = {isa = PBXFileReference; lastKnownFileType = image.png; name = "ic_settings_36pt@2x.png"; path = "System Icons (Reference)/ic_settings_36pt@2x.png"; sourceTree = "<group>"; };
		70F447121CFE911800203756 /* ic_stars_36pt.png */ = {isa = PBXFileReference; lastKnownFileType = image.png; name = ic_stars_36pt.png; path = "System Icons (Reference)/ic_stars_36pt.png"; sourceTree = "<group>"; };
		70F447131CFE911800203756 /* ic_stars_36pt@2x.png */ = {isa = PBXFileReference; lastKnownFileType = image.png; name = "ic_stars_36pt@2x.png"; path = "System Icons (Reference)/ic_stars_36pt@2x.png"; sourceTree = "<group>"; };
		70F447141CFE911800203756 /* ic_timeline_36pt.png */ = {isa = PBXFileReference; lastKnownFileType = image.png; name = ic_timeline_36pt.png; path = "System Icons (Reference)/ic_timeline_36pt.png"; sourceTree = "<group>"; };
		70F447151CFE911800203756 /* ic_timeline_36pt@2x.png */ = {isa = PBXFileReference; lastKnownFileType = image.png; name = "ic_timeline_36pt@2x.png"; path = "System Icons (Reference)/ic_timeline_36pt@2x.png"; sourceTree = "<group>"; };
		70F447161CFE911800203756 /* ic_yogaman_36pt.png */ = {isa = PBXFileReference; lastKnownFileType = image.png; name = ic_yogaman_36pt.png; path = "System Icons (Reference)/ic_yogaman_36pt.png"; sourceTree = "<group>"; };
		70F447171CFE911800203756 /* ic_yogaman_36pt@2x.png */ = {isa = PBXFileReference; lastKnownFileType = image.png; name = "ic_yogaman_36pt@2x.png"; path = "System Icons (Reference)/ic_yogaman_36pt@2x.png"; sourceTree = "<group>"; };
		70F4472E1CFE99FF00203756 /* ic_fitness_center_36pt.png */ = {isa = PBXFileReference; lastKnownFileType = image.png; name = ic_fitness_center_36pt.png; path = "System Icons (Reference)/ic_fitness_center_36pt.png"; sourceTree = "<group>"; };
		70F4472F1CFE99FF00203756 /* ic_fitness_center_36pt@2x.png */ = {isa = PBXFileReference; lastKnownFileType = image.png; name = "ic_fitness_center_36pt@2x.png"; path = "System Icons (Reference)/ic_fitness_center_36pt@2x.png"; sourceTree = "<group>"; };
		7F7666C02EA890B5043FA8DE /* Pods-InclineTests.debug.xcconfig */ = {isa = PBXFileReference; includeInIndex = 1; lastKnownFileType = text.xcconfig; name = "Pods-InclineTests.debug.xcconfig"; path = "Pods/Target Support Files/Pods-InclineTests/Pods-InclineTests.debug.xcconfig"; sourceTree = "<group>"; };
		97F6EE151D165A9900F1BAE2 /* Incline-Bridging-Header.h */ = {isa = PBXFileReference; lastKnownFileType = sourcecode.c.h; path = "Incline-Bridging-Header.h"; sourceTree = "<group>"; };
		A1709AEC99C3E5EBA8D05282 /* Pods-Incline.release.xcconfig */ = {isa = PBXFileReference; includeInIndex = 1; lastKnownFileType = text.xcconfig; name = "Pods-Incline.release.xcconfig"; path = "Pods/Target Support Files/Pods-Incline/Pods-Incline.release.xcconfig"; sourceTree = "<group>"; };
		B547DD499DD365C80E784BB7 /* Pods-Incline.debug.xcconfig */ = {isa = PBXFileReference; includeInIndex = 1; lastKnownFileType = text.xcconfig; name = "Pods-Incline.debug.xcconfig"; path = "Pods/Target Support Files/Pods-Incline/Pods-Incline.debug.xcconfig"; sourceTree = "<group>"; };
		C016DFB7431646E136CE3694 /* libPods-InclineTests.a */ = {isa = PBXFileReference; explicitFileType = archive.ar; includeInIndex = 0; path = "libPods-InclineTests.a"; sourceTree = BUILT_PRODUCTS_DIR; };
		CFC151BA509E79EF3FBA71F3 /* SettingsTableViewController.swift */ = {isa = PBXFileReference; fileEncoding = 4; lastKnownFileType = sourcecode.swift; path = SettingsTableViewController.swift; sourceTree = "<group>"; };
		CFC152E35D12825BBABE8DAD /* WebApiConnector.swift */ = {isa = PBXFileReference; fileEncoding = 4; lastKnownFileType = sourcecode.swift; path = WebApiConnector.swift; sourceTree = "<group>"; };
		CFC152FA8741406D03226E17 /* ApplicationData.swift */ = {isa = PBXFileReference; fileEncoding = 4; lastKnownFileType = sourcecode.swift; path = ApplicationData.swift; sourceTree = "<group>"; };
		CFC1539BC8B8BC390970EA8F /* ReuseableHistoryTableViewController.swift */ = {isa = PBXFileReference; fileEncoding = 4; lastKnownFileType = sourcecode.swift; path = ReuseableHistoryTableViewController.swift; sourceTree = "<group>"; };
		CFC155FE857A413DFA00D8C3 /* JSONParser.swift */ = {isa = PBXFileReference; fileEncoding = 4; lastKnownFileType = sourcecode.swift; path = JSONParser.swift; sourceTree = "<group>"; };
		CFC157BDD4C3DD7E027633DC /* BodyCompTableViewController.swift */ = {isa = PBXFileReference; fileEncoding = 4; lastKnownFileType = sourcecode.swift; path = BodyCompTableViewController.swift; sourceTree = "<group>"; };
		CFC1582CCD8EB4B1A8470B0F /* HistoryTableViewController.swift */ = {isa = PBXFileReference; fileEncoding = 4; lastKnownFileType = sourcecode.swift; path = HistoryTableViewController.swift; sourceTree = "<group>"; };
		CFC15A01E0A107C259F82A28 /* CardioTableViewController.swift */ = {isa = PBXFileReference; fileEncoding = 4; lastKnownFileType = sourcecode.swift; path = CardioTableViewController.swift; sourceTree = "<group>"; };
		CFC15BECDA6CEB61958455AE /* AccountTableViewController.swift */ = {isa = PBXFileReference; fileEncoding = 4; lastKnownFileType = sourcecode.swift; path = AccountTableViewController.swift; sourceTree = "<group>"; };
		CFC15C81B40B43A49886ED13 /* EntryTableViewController.swift */ = {isa = PBXFileReference; fileEncoding = 4; lastKnownFileType = sourcecode.swift; path = EntryTableViewController.swift; sourceTree = "<group>"; };
/* End PBXFileReference section */

/* Begin PBXFrameworksBuildPhase section */
		70F446731CFE891B00203756 /* Frameworks */ = {
			isa = PBXFrameworksBuildPhase;
			buildActionMask = 2147483647;
			files = (
				9EE9D8B37CAF0C8CC53689A9 /* libPods-Incline.a in Frameworks */,
			);
			runOnlyForDeploymentPostprocessing = 0;
		};
		70F446891CFE891B00203756 /* Frameworks */ = {
			isa = PBXFrameworksBuildPhase;
			buildActionMask = 2147483647;
			files = (
				3708FD619B8F60D95C7F6907 /* libPods-InclineTests.a in Frameworks */,
			);
			runOnlyForDeploymentPostprocessing = 0;
		};
		70F446941CFE891B00203756 /* Frameworks */ = {
			isa = PBXFrameworksBuildPhase;
			buildActionMask = 2147483647;
			files = (
			);
			runOnlyForDeploymentPostprocessing = 0;
		};
/* End PBXFrameworksBuildPhase section */

/* Begin PBXGroup section */
		0F3E0CD5320CC136736C6AEF /* Pods */ = {
			isa = PBXGroup;
			children = (
				B547DD499DD365C80E784BB7 /* Pods-Incline.debug.xcconfig */,
				A1709AEC99C3E5EBA8D05282 /* Pods-Incline.release.xcconfig */,
				7F7666C02EA890B5043FA8DE /* Pods-InclineTests.debug.xcconfig */,
				0FAAE93C77C83B01BDDC95AB /* Pods-InclineTests.release.xcconfig */,
			);
			name = Pods;
			sourceTree = "<group>";
		};
		70F4466D1CFE891B00203756 = {
			isa = PBXGroup;
			children = (
				70A2D4E71D25C1720069774A /* Incline.entitlements */,
				70F446A91CFE908E00203756 /* System Icons */,
				70F446781CFE891B00203756 /* InclineApp */,
				70F4468F1CFE891B00203756 /* InclineAppTests */,
				70F4469A1CFE891B00203756 /* InclineAppUITests */,
				70F446771CFE891B00203756 /* Products */,
				0F3E0CD5320CC136736C6AEF /* Pods */,
				9559594246BECD414A54BEF9 /* Frameworks */,
				97F6EE151D165A9900F1BAE2 /* Incline-Bridging-Header.h */,
			);
			sourceTree = "<group>";
		};
		70F446771CFE891B00203756 /* Products */ = {
			isa = PBXGroup;
			children = (
				70F446761CFE891B00203756 /* Incline.app */,
				70F4468C1CFE891B00203756 /* Incline.xctest */,
				70F446971CFE891B00203756 /* Incline.xctest */,
			);
			name = Products;
			sourceTree = "<group>";
		};
		70F446781CFE891B00203756 /* InclineApp */ = {
			isa = PBXGroup;
			children = (
				70F446791CFE891B00203756 /* AppDelegate.swift */,
				70F4467F1CFE891B00203756 /* Main.storyboard */,
				70F446821CFE891B00203756 /* Assets.xcassets */,
				70F446841CFE891B00203756 /* LaunchScreen.storyboard */,
				70F446871CFE891B00203756 /* Info.plist */,
				CFC158A1B317B9C05713A2AE /* View Controllers */,
				CFC152FA8741406D03226E17 /* ApplicationData.swift */,
				CFC152E35D12825BBABE8DAD /* WebApiConnector.swift */,
				CFC155FE857A413DFA00D8C3 /* JSONParser.swift */,
				70A2D4E81D25D9690069774A /* ActivityHelper.swift */,
			);
			path = InclineApp;
			sourceTree = "<group>";
		};
		70F4468F1CFE891B00203756 /* InclineAppTests */ = {
			isa = PBXGroup;
			children = (
				70F446901CFE891B00203756 /* InclineApp_2ndIteration_Tests.swift */,
				70F446921CFE891B00203756 /* Info.plist */,
			);
			path = InclineAppTests;
			sourceTree = "<group>";
		};
		70F4469A1CFE891B00203756 /* InclineAppUITests */ = {
			isa = PBXGroup;
			children = (
				70F4469B1CFE891B00203756 /* InclineApp_2ndIteration_UITests.swift */,
				70F4469D1CFE891B00203756 /* Info.plist */,
			);
			path = InclineAppUITests;
			sourceTree = "<group>";
		};
		70F446A91CFE908E00203756 /* System Icons */ = {
			isa = PBXGroup;
			children = (
				70F4472E1CFE99FF00203756 /* ic_fitness_center_36pt.png */,
				70F4472F1CFE99FF00203756 /* ic_fitness_center_36pt@2x.png */,
				70F447021CFE911800203756 /* ic_accessibility_36pt.png */,
				70F447031CFE911800203756 /* ic_accessibility_36pt@2x.png */,
				70F447041CFE911800203756 /* ic_account_circle_36pt.png */,
				70F447051CFE911800203756 /* ic_account_circle_36pt@2x.png */,
				70F447061CFE911800203756 /* ic_directions_bike_36pt.png */,
				70F447071CFE911800203756 /* ic_directions_bike_36pt@2x.png */,
				70F447081CFE911800203756 /* ic_directions_run_36pt.png */,
				70F447091CFE911800203756 /* ic_directions_run_36pt@2x.png */,
				70F4470A1CFE911800203756 /* ic_favorite_36pt.png */,
				70F4470B1CFE911800203756 /* ic_favorite_36pt@2x.png */,
				70F4470E1CFE911800203756 /* ic_playlist_add_36pt.png */,
				70F4470F1CFE911800203756 /* ic_playlist_add_36pt@2x.png */,
				70F447101CFE911800203756 /* ic_settings_36pt.png */,
				70F447111CFE911800203756 /* ic_settings_36pt@2x.png */,
				70F447121CFE911800203756 /* ic_stars_36pt.png */,
				70F447131CFE911800203756 /* ic_stars_36pt@2x.png */,
				70F447141CFE911800203756 /* ic_timeline_36pt.png */,
				70F447151CFE911800203756 /* ic_timeline_36pt@2x.png */,
				70F447161CFE911800203756 /* ic_yogaman_36pt.png */,
				70F447171CFE911800203756 /* ic_yogaman_36pt@2x.png */,
			);
			name = "System Icons";
			sourceTree = "<group>";
		};
		9559594246BECD414A54BEF9 /* Frameworks */ = {
			isa = PBXGroup;
			children = (
				175AB02FDBD436D300BC314C /* libPods-Incline.a */,
				C016DFB7431646E136CE3694 /* libPods-InclineTests.a */,
			);
			name = Frameworks;
			sourceTree = "<group>";
		};
		CFC158A1B317B9C05713A2AE /* View Controllers */ = {
			isa = PBXGroup;
			children = (
				CFC15C81B40B43A49886ED13 /* EntryTableViewController.swift */,
				CFC1539BC8B8BC390970EA8F /* ReuseableHistoryTableViewController.swift */,
				CFC151BA509E79EF3FBA71F3 /* SettingsTableViewController.swift */,
				CFC1582CCD8EB4B1A8470B0F /* HistoryTableViewController.swift */,
				CFC15A01E0A107C259F82A28 /* CardioTableViewController.swift */,
				CFC15BECDA6CEB61958455AE /* AccountTableViewController.swift */,
				CFC157BDD4C3DD7E027633DC /* BodyCompTableViewController.swift */,
				7082265D1D1B6C3400AE7E5A /* FlexibilityUITableViewController.swift */,
				701B02BA1D1DB26E00BE9A51 /* StrengthAndEnduranceTableViewController.swift */,
			);
			path = "View Controllers";
			sourceTree = "<group>";
		};
/* End PBXGroup section */

/* Begin PBXNativeTarget section */
		70F446751CFE891B00203756 /* Incline */ = {
			isa = PBXNativeTarget;
			buildConfigurationList = 70F446A01CFE891B00203756 /* Build configuration list for PBXNativeTarget "Incline" */;
			buildPhases = (
				4B16FC41B655A0D556937078 /* [CP] Check Pods Manifest.lock */,
				70F446721CFE891B00203756 /* Sources */,
				70F446731CFE891B00203756 /* Frameworks */,
				70F446741CFE891B00203756 /* Resources */,
				4952F51A7E8C307D6A6732D6 /* [CP] Embed Pods Frameworks */,
				223133C0C296596F5FDC523A /* [CP] Copy Pods Resources */,
			);
			buildRules = (
			);
			dependencies = (
			);
			name = Incline;
			productName = "InclineApp(2ndIteration)";
			productReference = 70F446761CFE891B00203756 /* Incline.app */;
			productType = "com.apple.product-type.application";
		};
		70F4468B1CFE891B00203756 /* InclineTests */ = {
			isa = PBXNativeTarget;
			buildConfigurationList = 70F446A31CFE891B00203756 /* Build configuration list for PBXNativeTarget "InclineTests" */;
			buildPhases = (
				2BDD807853C0F95AC262BDAC /* [CP] Check Pods Manifest.lock */,
				70F446881CFE891B00203756 /* Sources */,
				70F446891CFE891B00203756 /* Frameworks */,
				70F4468A1CFE891B00203756 /* Resources */,
				E4A328C26FF9DD213CACDB09 /* [CP] Embed Pods Frameworks */,
				281CAF4AB3F4F85E5F8C9FFB /* [CP] Copy Pods Resources */,
			);
			buildRules = (
			);
			dependencies = (
				70F4468E1CFE891B00203756 /* PBXTargetDependency */,
			);
			name = InclineTests;
			productName = "InclineApp(2ndIteration)Tests";
			productReference = 70F4468C1CFE891B00203756 /* Incline.xctest */;
			productType = "com.apple.product-type.bundle.unit-test";
		};
		70F446961CFE891B00203756 /* InclineUITests */ = {
			isa = PBXNativeTarget;
			buildConfigurationList = 70F446A61CFE891B00203756 /* Build configuration list for PBXNativeTarget "InclineUITests" */;
			buildPhases = (
				70F446931CFE891B00203756 /* Sources */,
				70F446941CFE891B00203756 /* Frameworks */,
				70F446951CFE891B00203756 /* Resources */,
			);
			buildRules = (
			);
			dependencies = (
				70F446991CFE891B00203756 /* PBXTargetDependency */,
			);
			name = InclineUITests;
			productName = "InclineApp(2ndIteration)UITests";
			productReference = 70F446971CFE891B00203756 /* Incline.xctest */;
			productType = "com.apple.product-type.bundle.ui-testing";
		};
/* End PBXNativeTarget section */

/* Begin PBXProject section */
		70F4466E1CFE891B00203756 /* Project object */ = {
			isa = PBXProject;
			attributes = {
				LastSwiftUpdateCheck = 0730;
				LastUpgradeCheck = 0730;
				ORGANIZATIONNAME = Incline;
				TargetAttributes = {
					70F446751CFE891B00203756 = {
						CreatedOnToolsVersion = 7.3;
						DevelopmentTeam = 94ZNX3C33N;
						SystemCapabilities = {
							com.apple.Keychain = {
								enabled = 1;
							};
						};
					};
					70F4468B1CFE891B00203756 = {
						CreatedOnToolsVersion = 7.3;
						TestTargetID = 70F446751CFE891B00203756;
					};
					70F446961CFE891B00203756 = {
						CreatedOnToolsVersion = 7.3;
						TestTargetID = 70F446751CFE891B00203756;
					};
				};
			};
			buildConfigurationList = 70F446711CFE891B00203756 /* Build configuration list for PBXProject "Incline" */;
			compatibilityVersion = "Xcode 3.2";
			developmentRegion = English;
			hasScannedForEncodings = 0;
			knownRegions = (
				en,
				Base,
			);
			mainGroup = 70F4466D1CFE891B00203756;
			productRefGroup = 70F446771CFE891B00203756 /* Products */;
			projectDirPath = "";
			projectRoot = "";
			targets = (
				70F446751CFE891B00203756 /* Incline */,
				70F4468B1CFE891B00203756 /* InclineTests */,
				70F446961CFE891B00203756 /* InclineUITests */,
			);
		};
/* End PBXProject section */

/* Begin PBXResourcesBuildPhase section */
		70F446741CFE891B00203756 /* Resources */ = {
			isa = PBXResourcesBuildPhase;
			buildActionMask = 2147483647;
			files = (
				70F447191CFE911800203756 /* ic_accessibility_36pt@2x.png in Resources */,
				70F447251CFE911800203756 /* ic_playlist_add_36pt@2x.png in Resources */,
				70F4472A1CFE911800203756 /* ic_timeline_36pt.png in Resources */,
				70F4471D1CFE911800203756 /* ic_directions_bike_36pt@2x.png in Resources */,
				70F4471E1CFE911800203756 /* ic_directions_run_36pt.png in Resources */,
				70F447271CFE911800203756 /* ic_settings_36pt@2x.png in Resources */,
				70F4471B1CFE911800203756 /* ic_account_circle_36pt@2x.png in Resources */,
				70F446861CFE891B00203756 /* LaunchScreen.storyboard in Resources */,
				70F4472C1CFE911800203756 /* ic_yogaman_36pt.png in Resources */,
				70F447291CFE911800203756 /* ic_stars_36pt@2x.png in Resources */,
				70F447281CFE911800203756 /* ic_stars_36pt.png in Resources */,
				70F447261CFE911800203756 /* ic_settings_36pt.png in Resources */,
				70F4472D1CFE911800203756 /* ic_yogaman_36pt@2x.png in Resources */,
				70F4471F1CFE911800203756 /* ic_directions_run_36pt@2x.png in Resources */,
				70F4472B1CFE911800203756 /* ic_timeline_36pt@2x.png in Resources */,
				70F447201CFE911800203756 /* ic_favorite_36pt.png in Resources */,
				70F447311CFE99FF00203756 /* ic_fitness_center_36pt@2x.png in Resources */,
				70F447301CFE99FF00203756 /* ic_fitness_center_36pt.png in Resources */,
				70F4471C1CFE911800203756 /* ic_directions_bike_36pt.png in Resources */,
				70F446831CFE891B00203756 /* Assets.xcassets in Resources */,
				70F446811CFE891B00203756 /* Main.storyboard in Resources */,
				70F447241CFE911800203756 /* ic_playlist_add_36pt.png in Resources */,
				70F4471A1CFE911800203756 /* ic_account_circle_36pt.png in Resources */,
				70F447211CFE911800203756 /* ic_favorite_36pt@2x.png in Resources */,
				70F447181CFE911800203756 /* ic_accessibility_36pt.png in Resources */,
			);
			runOnlyForDeploymentPostprocessing = 0;
		};
		70F4468A1CFE891B00203756 /* Resources */ = {
			isa = PBXResourcesBuildPhase;
			buildActionMask = 2147483647;
			files = (
			);
			runOnlyForDeploymentPostprocessing = 0;
		};
		70F446951CFE891B00203756 /* Resources */ = {
			isa = PBXResourcesBuildPhase;
			buildActionMask = 2147483647;
			files = (
			);
			runOnlyForDeploymentPostprocessing = 0;
		};
/* End PBXResourcesBuildPhase section */

/* Begin PBXShellScriptBuildPhase section */
		223133C0C296596F5FDC523A /* [CP] Copy Pods Resources */ = {
			isa = PBXShellScriptBuildPhase;
			buildActionMask = 2147483647;
			files = (
			);
			inputPaths = (
			);
			name = "[CP] Copy Pods Resources";
			outputPaths = (
			);
			runOnlyForDeploymentPostprocessing = 0;
			shellPath = /bin/sh;
			shellScript = "\"${SRCROOT}/Pods/Target Support Files/Pods-Incline/Pods-Incline-resources.sh\"\n";
			showEnvVarsInLog = 0;
		};
		281CAF4AB3F4F85E5F8C9FFB /* [CP] Copy Pods Resources */ = {
			isa = PBXShellScriptBuildPhase;
			buildActionMask = 2147483647;
			files = (
			);
			inputPaths = (
			);
			name = "[CP] Copy Pods Resources";
			outputPaths = (
			);
			runOnlyForDeploymentPostprocessing = 0;
			shellPath = /bin/sh;
			shellScript = "\"${SRCROOT}/Pods/Target Support Files/Pods-InclineTests/Pods-InclineTests-resources.sh\"\n";
			showEnvVarsInLog = 0;
		};
		2BDD807853C0F95AC262BDAC /* [CP] Check Pods Manifest.lock */ = {
			isa = PBXShellScriptBuildPhase;
			buildActionMask = 2147483647;
			files = (
			);
			inputPaths = (
			);
			name = "[CP] Check Pods Manifest.lock";
			outputPaths = (
			);
			runOnlyForDeploymentPostprocessing = 0;
			shellPath = /bin/sh;
			shellScript = "diff \"${PODS_ROOT}/../Podfile.lock\" \"${PODS_ROOT}/Manifest.lock\" > /dev/null\nif [[ $? != 0 ]] ; then\n    cat << EOM\nerror: The sandbox is not in sync with the Podfile.lock. Run 'pod install' or update your CocoaPods installation.\nEOM\n    exit 1\nfi\n";
			showEnvVarsInLog = 0;
		};
		4952F51A7E8C307D6A6732D6 /* [CP] Embed Pods Frameworks */ = {
			isa = PBXShellScriptBuildPhase;
			buildActionMask = 2147483647;
			files = (
			);
			inputPaths = (
			);
			name = "[CP] Embed Pods Frameworks";
			outputPaths = (
			);
			runOnlyForDeploymentPostprocessing = 0;
			shellPath = /bin/sh;
			shellScript = "\"${SRCROOT}/Pods/Target Support Files/Pods-Incline/Pods-Incline-frameworks.sh\"\n";
			showEnvVarsInLog = 0;
		};
		4B16FC41B655A0D556937078 /* [CP] Check Pods Manifest.lock */ = {
			isa = PBXShellScriptBuildPhase;
			buildActionMask = 2147483647;
			files = (
			);
			inputPaths = (
			);
			name = "[CP] Check Pods Manifest.lock";
			outputPaths = (
			);
			runOnlyForDeploymentPostprocessing = 0;
			shellPath = /bin/sh;
			shellScript = "diff \"${PODS_ROOT}/../Podfile.lock\" \"${PODS_ROOT}/Manifest.lock\" > /dev/null\nif [[ $? != 0 ]] ; then\n    cat << EOM\nerror: The sandbox is not in sync with the Podfile.lock. Run 'pod install' or update your CocoaPods installation.\nEOM\n    exit 1\nfi\n";
			showEnvVarsInLog = 0;
		};
		E4A328C26FF9DD213CACDB09 /* [CP] Embed Pods Frameworks */ = {
			isa = PBXShellScriptBuildPhase;
			buildActionMask = 2147483647;
			files = (
			);
			inputPaths = (
			);
			name = "[CP] Embed Pods Frameworks";
			outputPaths = (
			);
			runOnlyForDeploymentPostprocessing = 0;
			shellPath = /bin/sh;
			shellScript = "\"${SRCROOT}/Pods/Target Support Files/Pods-InclineTests/Pods-InclineTests-frameworks.sh\"\n";
			showEnvVarsInLog = 0;
		};
/* End PBXShellScriptBuildPhase section */

/* Begin PBXSourcesBuildPhase section */
		70F446721CFE891B00203756 /* Sources */ = {
			isa = PBXSourcesBuildPhase;
			buildActionMask = 2147483647;
			files = (
				70F4467A1CFE891B00203756 /* AppDelegate.swift in Sources */,
				701B02BB1D1DB26E00BE9A51 /* StrengthAndEnduranceTableViewController.swift in Sources */,
				CFC15A5836E06A9F258BF448 /* EntryTableViewController.swift in Sources */,
				CFC1552E141CF9B0BEFCDDA6 /* ReuseableHistoryTableViewController.swift in Sources */,
				70A2D4E91D25D9690069774A /* ActivityHelper.swift in Sources */,
				7082265E1D1B6C3400AE7E5A /* FlexibilityUITableViewController.swift in Sources */,
				CFC1597156A235305B43580F /* SettingsTableViewController.swift in Sources */,
				CFC1511113A72FCC5F4B5DB7 /* HistoryTableViewController.swift in Sources */,
				CFC1575DC610A8C543573B72 /* CardioTableViewController.swift in Sources */,
				CFC1535817107FFCD84748A9 /* AccountTableViewController.swift in Sources */,
				CFC15582D4124390F692A61F /* BodyCompTableViewController.swift in Sources */,
				CFC151F6DEEB88BF53689839 /* ApplicationData.swift in Sources */,
				CFC15E43A0D6CAD6A6E4E690 /* WebApiConnector.swift in Sources */,
				CFC1582701CD20C98A41F217 /* JSONParser.swift in Sources */,
			);
			runOnlyForDeploymentPostprocessing = 0;
		};
		70F446881CFE891B00203756 /* Sources */ = {
			isa = PBXSourcesBuildPhase;
			buildActionMask = 2147483647;
			files = (
				70F446911CFE891B00203756 /* InclineApp_2ndIteration_Tests.swift in Sources */,
			);
			runOnlyForDeploymentPostprocessing = 0;
		};
		70F446931CFE891B00203756 /* Sources */ = {
			isa = PBXSourcesBuildPhase;
			buildActionMask = 2147483647;
			files = (
				70F4469C1CFE891B00203756 /* InclineApp_2ndIteration_UITests.swift in Sources */,
			);
			runOnlyForDeploymentPostprocessing = 0;
		};
/* End PBXSourcesBuildPhase section */

/* Begin PBXTargetDependency section */
		70F4468E1CFE891B00203756 /* PBXTargetDependency */ = {
			isa = PBXTargetDependency;
			target = 70F446751CFE891B00203756 /* Incline */;
			targetProxy = 70F4468D1CFE891B00203756 /* PBXContainerItemProxy */;
		};
		70F446991CFE891B00203756 /* PBXTargetDependency */ = {
			isa = PBXTargetDependency;
			target = 70F446751CFE891B00203756 /* Incline */;
			targetProxy = 70F446981CFE891B00203756 /* PBXContainerItemProxy */;
		};
/* End PBXTargetDependency section */

/* Begin PBXVariantGroup section */
		70F4467F1CFE891B00203756 /* Main.storyboard */ = {
			isa = PBXVariantGroup;
			children = (
				70F446801CFE891B00203756 /* Base */,
			);
			name = Main.storyboard;
			sourceTree = "<group>";
		};
		70F446841CFE891B00203756 /* LaunchScreen.storyboard */ = {
			isa = PBXVariantGroup;
			children = (
				70F446851CFE891B00203756 /* Base */,
			);
			name = LaunchScreen.storyboard;
			sourceTree = "<group>";
		};
/* End PBXVariantGroup section */

/* Begin XCBuildConfiguration section */
		70F4469E1CFE891B00203756 /* Debug */ = {
			isa = XCBuildConfiguration;
			buildSettings = {
				ALWAYS_SEARCH_USER_PATHS = NO;
				CLANG_ANALYZER_NONNULL = YES;
				CLANG_CXX_LANGUAGE_STANDARD = "gnu++0x";
				CLANG_CXX_LIBRARY = "libc++";
				CLANG_ENABLE_MODULES = YES;
				CLANG_ENABLE_OBJC_ARC = YES;
				CLANG_WARN_BOOL_CONVERSION = YES;
				CLANG_WARN_CONSTANT_CONVERSION = YES;
				CLANG_WARN_DIRECT_OBJC_ISA_USAGE = YES_ERROR;
				CLANG_WARN_EMPTY_BODY = YES;
				CLANG_WARN_ENUM_CONVERSION = YES;
				CLANG_WARN_INT_CONVERSION = YES;
				CLANG_WARN_OBJC_ROOT_CLASS = YES_ERROR;
				CLANG_WARN_UNREACHABLE_CODE = YES;
				CLANG_WARN__DUPLICATE_METHOD_MATCH = YES;
				"CODE_SIGN_IDENTITY[sdk=iphoneos*]" = "iPhone Developer";
				COPY_PHASE_STRIP = NO;
				DEBUG_INFORMATION_FORMAT = dwarf;
				ENABLE_STRICT_OBJC_MSGSEND = YES;
				ENABLE_TESTABILITY = YES;
				GCC_C_LANGUAGE_STANDARD = gnu99;
				GCC_DYNAMIC_NO_PIC = NO;
				GCC_NO_COMMON_BLOCKS = YES;
				GCC_OPTIMIZATION_LEVEL = 0;
				GCC_PREPROCESSOR_DEFINITIONS = (
					"DEBUG=1",
					"$(inherited)",
				);
				GCC_WARN_64_TO_32_BIT_CONVERSION = YES;
				GCC_WARN_ABOUT_RETURN_TYPE = YES_ERROR;
				GCC_WARN_UNDECLARED_SELECTOR = YES;
				GCC_WARN_UNINITIALIZED_AUTOS = YES_AGGRESSIVE;
				GCC_WARN_UNUSED_FUNCTION = YES;
				GCC_WARN_UNUSED_VARIABLE = YES;
				IPHONEOS_DEPLOYMENT_TARGET = 9.3;
				MTL_ENABLE_DEBUG_INFO = YES;
				ONLY_ACTIVE_ARCH = YES;
				SDKROOT = iphoneos;
				SWIFT_OPTIMIZATION_LEVEL = "-Onone";
			};
			name = Debug;
		};
		70F4469F1CFE891B00203756 /* Release */ = {
			isa = XCBuildConfiguration;
			buildSettings = {
				ALWAYS_SEARCH_USER_PATHS = NO;
				CLANG_ANALYZER_NONNULL = YES;
				CLANG_CXX_LANGUAGE_STANDARD = "gnu++0x";
				CLANG_CXX_LIBRARY = "libc++";
				CLANG_ENABLE_MODULES = YES;
				CLANG_ENABLE_OBJC_ARC = YES;
				CLANG_WARN_BOOL_CONVERSION = YES;
				CLANG_WARN_CONSTANT_CONVERSION = YES;
				CLANG_WARN_DIRECT_OBJC_ISA_USAGE = YES_ERROR;
				CLANG_WARN_EMPTY_BODY = YES;
				CLANG_WARN_ENUM_CONVERSION = YES;
				CLANG_WARN_INT_CONVERSION = YES;
				CLANG_WARN_OBJC_ROOT_CLASS = YES_ERROR;
				CLANG_WARN_UNREACHABLE_CODE = YES;
				CLANG_WARN__DUPLICATE_METHOD_MATCH = YES;
				"CODE_SIGN_IDENTITY[sdk=iphoneos*]" = "iPhone Developer";
				COPY_PHASE_STRIP = NO;
				DEBUG_INFORMATION_FORMAT = "dwarf-with-dsym";
				ENABLE_NS_ASSERTIONS = NO;
				ENABLE_STRICT_OBJC_MSGSEND = YES;
				GCC_C_LANGUAGE_STANDARD = gnu99;
				GCC_NO_COMMON_BLOCKS = YES;
				GCC_WARN_64_TO_32_BIT_CONVERSION = YES;
				GCC_WARN_ABOUT_RETURN_TYPE = YES_ERROR;
				GCC_WARN_UNDECLARED_SELECTOR = YES;
				GCC_WARN_UNINITIALIZED_AUTOS = YES_AGGRESSIVE;
				GCC_WARN_UNUSED_FUNCTION = YES;
				GCC_WARN_UNUSED_VARIABLE = YES;
				IPHONEOS_DEPLOYMENT_TARGET = 9.3;
				MTL_ENABLE_DEBUG_INFO = NO;
				SDKROOT = iphoneos;
				VALIDATE_PRODUCT = YES;
			};
			name = Release;
		};
		70F446A11CFE891B00203756 /* Debug */ = {
			isa = XCBuildConfiguration;
			baseConfigurationReference = B547DD499DD365C80E784BB7 /* Pods-Incline.debug.xcconfig */;
			buildSettings = {
				ASSETCATALOG_COMPILER_APPICON_NAME = AppIcon;
				CLANG_ENABLE_MODULES = YES;
				CODE_SIGN_ENTITLEMENTS = Incline.entitlements;
				CODE_SIGN_IDENTITY = "iPhone Developer";
				"CODE_SIGN_IDENTITY[sdk=iphoneos*]" = "iPhone Developer";
				INFOPLIST_FILE = "$(SRCROOT)/InclineApp/Info.plist";
				IPHONEOS_DEPLOYMENT_TARGET = 9.3;
				LD_RUNPATH_SEARCH_PATHS = "$(inherited) @executable_path/Frameworks";
				PRODUCT_BUNDLE_IDENTIFIER = "com.InclineApp-2ndIteration-";
				PRODUCT_NAME = Incline;
				PROVISIONING_PROFILE = "";
				SWIFT_OBJC_BRIDGING_HEADER = "Incline-Bridging-Header.h";
				SWIFT_OPTIMIZATION_LEVEL = "-Onone";
			};
			name = Debug;
		};
		70F446A21CFE891B00203756 /* Release */ = {
			isa = XCBuildConfiguration;
			baseConfigurationReference = A1709AEC99C3E5EBA8D05282 /* Pods-Incline.release.xcconfig */;
			buildSettings = {
				ASSETCATALOG_COMPILER_APPICON_NAME = AppIcon;
				CLANG_ENABLE_MODULES = YES;
				CODE_SIGN_ENTITLEMENTS = Incline.entitlements;
				CODE_SIGN_IDENTITY = "iPhone Developer";
				"CODE_SIGN_IDENTITY[sdk=iphoneos*]" = "iPhone Developer";
				INFOPLIST_FILE = "$(SRCROOT)/InclineApp/Info.plist";
				IPHONEOS_DEPLOYMENT_TARGET = 9.3;
				LD_RUNPATH_SEARCH_PATHS = "$(inherited) @executable_path/Frameworks";
				PRODUCT_BUNDLE_IDENTIFIER = "com.InclineApp-2ndIteration-";
				PRODUCT_NAME = Incline;
				PROVISIONING_PROFILE = "";
				SWIFT_OBJC_BRIDGING_HEADER = "Incline-Bridging-Header.h";
			};
			name = Release;
		};
		70F446A41CFE891B00203756 /* Debug */ = {
			isa = XCBuildConfiguration;
			baseConfigurationReference = 7F7666C02EA890B5043FA8DE /* Pods-InclineTests.debug.xcconfig */;
			buildSettings = {
				BUNDLE_LOADER = "$(TEST_HOST)";
				INFOPLIST_FILE = "InclineApp(2ndIteration)Tests/Info.plist";
				LD_RUNPATH_SEARCH_PATHS = "$(inherited) @executable_path/Frameworks @loader_path/Frameworks";
				PRODUCT_BUNDLE_IDENTIFIER = "incline.InclineApp-2ndIteration-Tests";
				PRODUCT_NAME = Incline;
				TEST_HOST = "$(BUILT_PRODUCTS_DIR)/Incline.app/Incline";
			};
			name = Debug;
		};
		70F446A51CFE891B00203756 /* Release */ = {
			isa = XCBuildConfiguration;
			baseConfigurationReference = 0FAAE93C77C83B01BDDC95AB /* Pods-InclineTests.release.xcconfig */;
			buildSettings = {
				BUNDLE_LOADER = "$(TEST_HOST)";
				INFOPLIST_FILE = "InclineApp(2ndIteration)Tests/Info.plist";
				LD_RUNPATH_SEARCH_PATHS = "$(inherited) @executable_path/Frameworks @loader_path/Frameworks";
				PRODUCT_BUNDLE_IDENTIFIER = "incline.InclineApp-2ndIteration-Tests";
				PRODUCT_NAME = Incline;
				TEST_HOST = "$(BUILT_PRODUCTS_DIR)/Incline.app/Incline";
			};
			name = Release;
		};
		70F446A71CFE891B00203756 /* Debug */ = {
			isa = XCBuildConfiguration;
			buildSettings = {
				INFOPLIST_FILE = "InclineApp(2ndIteration)UITests/Info.plist";
				LD_RUNPATH_SEARCH_PATHS = "$(inherited) @executable_path/Frameworks @loader_path/Frameworks";
				PRODUCT_BUNDLE_IDENTIFIER = "incline.InclineApp-2ndIteration-UITests";
				PRODUCT_NAME = Incline;
				TEST_TARGET_NAME = "InclineApp(2ndIteration)";
			};
			name = Debug;
		};
		70F446A81CFE891B00203756 /* Release */ = {
			isa = XCBuildConfiguration;
			buildSettings = {
				INFOPLIST_FILE = "InclineApp(2ndIteration)UITests/Info.plist";
				LD_RUNPATH_SEARCH_PATHS = "$(inherited) @executable_path/Frameworks @loader_path/Frameworks";
				PRODUCT_BUNDLE_IDENTIFIER = "incline.InclineApp-2ndIteration-UITests";
				PRODUCT_NAME = Incline;
				TEST_TARGET_NAME = "InclineApp(2ndIteration)";
			};
			name = Release;
		};
/* End XCBuildConfiguration section */

/* Begin XCConfigurationList section */
		70F446711CFE891B00203756 /* Build configuration list for PBXProject "Incline" */ = {
			isa = XCConfigurationList;
			buildConfigurations = (
				70F4469E1CFE891B00203756 /* Debug */,
				70F4469F1CFE891B00203756 /* Release */,
			);
			defaultConfigurationIsVisible = 0;
			defaultConfigurationName = Release;
		};
		70F446A01CFE891B00203756 /* Build configuration list for PBXNativeTarget "Incline" */ = {
			isa = XCConfigurationList;
			buildConfigurations = (
				70F446A11CFE891B00203756 /* Debug */,
				70F446A21CFE891B00203756 /* Release */,
			);
			defaultConfigurationIsVisible = 0;
			defaultConfigurationName = Release;
		};
		70F446A31CFE891B00203756 /* Build configuration list for PBXNativeTarget "InclineTests" */ = {
			isa = XCConfigurationList;
			buildConfigurations = (
				70F446A41CFE891B00203756 /* Debug */,
				70F446A51CFE891B00203756 /* Release */,
			);
			defaultConfigurationIsVisible = 0;
			defaultConfigurationName = Release;
		};
		70F446A61CFE891B00203756 /* Build configuration list for PBXNativeTarget "InclineUITests" */ = {
			isa = XCConfigurationList;
			buildConfigurations = (
				70F446A71CFE891B00203756 /* Debug */,
				70F446A81CFE891B00203756 /* Release */,
			);
			defaultConfigurationIsVisible = 0;
			defaultConfigurationName = Release;
		};
/* End XCConfigurationList section */
	};
	rootObject = 70F4466E1CFE891B00203756 /* Project object */;
}
